// !$*UTF8*$!
{
	archiveVersion = 1;
	classes = {
	};
	objectVersion = 46;
	objects = {

/* Begin PBXBuildFile section */
		610DD41C1BFE84B30061383D /* HFUpdateTableViewCell.swift in Sources */ = {isa = PBXBuildFile; fileRef = 610DD41B1BFE84B30061383D /* HFUpdateTableViewCell.swift */; };
		610DD41E1BFEBD900061383D /* HFScheduleTableViewCell.swift in Sources */ = {isa = PBXBuildFile; fileRef = 610DD41D1BFEBD900061383D /* HFScheduleTableViewCell.swift */; };
		610DD4201BFEBE5D0061383D /* HFScheduleItem.swift in Sources */ = {isa = PBXBuildFile; fileRef = 610DD41F1BFEBE5D0061383D /* HFScheduleItem.swift */; };
		611E91591C45B6CC005F9CC1 /* HFMap.swift in Sources */ = {isa = PBXBuildFile; fileRef = 611E91581C45B6CC005F9CC1 /* HFMap.swift */; };
		61350D411BFE6A260087A30D /* HFUpdate.swift in Sources */ = {isa = PBXBuildFile; fileRef = 61350D401BFE6A260087A30D /* HFUpdate.swift */; };
		61350D441BFE6CFC0087A30D /* HFParseFeedController.swift in Sources */ = {isa = PBXBuildFile; fileRef = 61350D431BFE6CFC0087A30D /* HFParseFeedController.swift */; };
		613859311C2E5850002F9FA2 /* MapHeaderViewCell.swift in Sources */ = {isa = PBXBuildFile; fileRef = 613859301C2E5850002F9FA2 /* MapHeaderViewCell.swift */; };
		6138596F1C348297002F9FA2 /* CounterView.swift in Sources */ = {isa = PBXBuildFile; fileRef = 6138596E1C348297002F9FA2 /* CounterView.swift */; };
		613859731C34863E002F9FA2 /* HFCountdownViewController.swift in Sources */ = {isa = PBXBuildFile; fileRef = 613859721C34863E002F9FA2 /* HFCountdownViewController.swift */; };
		613859751C34E20A002F9FA2 /* HFDateExtention.swift in Sources */ = {isa = PBXBuildFile; fileRef = 613859741C34E20A002F9FA2 /* HFDateExtention.swift */; };
		613970991C3B11F200BFEC2E /* HFSponsorTableViewCell.swift in Sources */ = {isa = PBXBuildFile; fileRef = 613970981C3B11F200BFEC2E /* HFSponsorTableViewCell.swift */; };
		6139709B1C3B19B400BFEC2E /* HFSponsor.swift in Sources */ = {isa = PBXBuildFile; fileRef = 6139709A1C3B19B400BFEC2E /* HFSponsor.swift */; };
		615085CE1BDA16D40066E7BE /* HFMapViewController.swift in Sources */ = {isa = PBXBuildFile; fileRef = 615085CD1BDA16D40066E7BE /* HFMapViewController.swift */; };
		615085D01BDAA55E0066E7BE /* HFMentorViewController.swift in Sources */ = {isa = PBXBuildFile; fileRef = 615085CF1BDAA55E0066E7BE /* HFMentorViewController.swift */; };
		615085F81BDD901B0066E7BE /* HFSponsorViewController.swift in Sources */ = {isa = PBXBuildFile; fileRef = 615085F71BDD901B0066E7BE /* HFSponsorViewController.swift */; };
		615085FE1BDEE2400066E7BE /* HFColors.swift in Sources */ = {isa = PBXBuildFile; fileRef = 615085FD1BDEE2400066E7BE /* HFColors.swift */; };
		61551A701BD9C0C50091D44A /* AppDelegate.swift in Sources */ = {isa = PBXBuildFile; fileRef = 61551A6F1BD9C0C50091D44A /* AppDelegate.swift */; };
		61551A751BD9C0C50091D44A /* Main.storyboard in Resources */ = {isa = PBXBuildFile; fileRef = 61551A731BD9C0C50091D44A /* Main.storyboard */; };
		61551A771BD9C0C50091D44A /* Assets.xcassets in Resources */ = {isa = PBXBuildFile; fileRef = 61551A761BD9C0C50091D44A /* Assets.xcassets */; };
		61551A7A1BD9C0C50091D44A /* LaunchScreen.storyboard in Resources */ = {isa = PBXBuildFile; fileRef = 61551A781BD9C0C50091D44A /* LaunchScreen.storyboard */; };
		61551A851BD9C0C50091D44A /* Hack_FSUTests.swift in Sources */ = {isa = PBXBuildFile; fileRef = 61551A841BD9C0C50091D44A /* Hack_FSUTests.swift */; };
		61551A901BD9C0C50091D44A /* Hack_FSUUITests.swift in Sources */ = {isa = PBXBuildFile; fileRef = 61551A8F1BD9C0C50091D44A /* Hack_FSUUITests.swift */; };
		61551A9E1BD9E5360091D44A /* HFFeedViewController.swift in Sources */ = {isa = PBXBuildFile; fileRef = 61551A9D1BD9E5360091D44A /* HFFeedViewController.swift */; };
		6164B0601C1F584B00FC04BA /* ScheduleHeaderCell.swift in Sources */ = {isa = PBXBuildFile; fileRef = 6164B05F1C1F584B00FC04BA /* ScheduleHeaderCell.swift */; };
		6164B0611C1F73C000FC04BA /* Pods_Hack_FSU.framework in Frameworks */ = {isa = PBXBuildFile; fileRef = 2F3179E63106B529DE3B4C8D /* Pods_Hack_FSU.framework */; };
		6164B0621C1F73C000FC04BA /* Pods_Hack_FSU.framework in Embed Frameworks */ = {isa = PBXBuildFile; fileRef = 2F3179E63106B529DE3B4C8D /* Pods_Hack_FSU.framework */; settings = {ATTRIBUTES = (CodeSignOnCopy, RemoveHeadersOnCopy, ); }; };
		6166252E1C21324100842E0E /* HFMapTableViewCell.swift in Sources */ = {isa = PBXBuildFile; fileRef = 6166252D1C21324100842E0E /* HFMapTableViewCell.swift */; };
		61692B671C482F01007A6221 /* HFSponsorFooterCell.swift in Sources */ = {isa = PBXBuildFile; fileRef = 61692B661C482F01007A6221 /* HFSponsorFooterCell.swift */; };
		61ACC34D1C44013F00714A5B /* HFCountdownManager.swift in Sources */ = {isa = PBXBuildFile; fileRef = 61ACC34C1C44013F00714A5B /* HFCountdownManager.swift */; };
		61ACC34F1C44027A00714A5B /* HFCountdownItem.swift in Sources */ = {isa = PBXBuildFile; fileRef = 61ACC34E1C44027A00714A5B /* HFCountdownItem.swift */; };
		61CC64C61C472D6200E08521 /* unisans.OTF in Resources */ = {isa = PBXBuildFile; fileRef = 61CC64C51C472D6200E08521 /* unisans.OTF */; };
		61D2D14E1BE7C53500145EBF /* HelpRequest.swift in Sources */ = {isa = PBXBuildFile; fileRef = 61D2D14D1BE7C53500145EBF /* HelpRequest.swift */; };
		CED336EC00D9EC75BF013854 /* Pods_Hack_FSU.framework in Frameworks */ = {isa = PBXBuildFile; fileRef = 2F3179E63106B529DE3B4C8D /* Pods_Hack_FSU.framework */; };
/* End PBXBuildFile section */

/* Begin PBXContainerItemProxy section */
		61551A811BD9C0C50091D44A /* PBXContainerItemProxy */ = {
			isa = PBXContainerItemProxy;
			containerPortal = 61551A641BD9C0C50091D44A /* Project object */;
			proxyType = 1;
			remoteGlobalIDString = 61551A6B1BD9C0C50091D44A;
			remoteInfo = "Hack FSU";
		};
		61551A8C1BD9C0C50091D44A /* PBXContainerItemProxy */ = {
			isa = PBXContainerItemProxy;
			containerPortal = 61551A641BD9C0C50091D44A /* Project object */;
			proxyType = 1;
			remoteGlobalIDString = 61551A6B1BD9C0C50091D44A;
			remoteInfo = "Hack FSU";
		};
/* End PBXContainerItemProxy section */

/* Begin PBXCopyFilesBuildPhase section */
		6164B0631C1F73C000FC04BA /* Embed Frameworks */ = {
			isa = PBXCopyFilesBuildPhase;
			buildActionMask = 2147483647;
			dstPath = "";
			dstSubfolderSpec = 10;
			files = (
				6164B0621C1F73C000FC04BA /* Pods_Hack_FSU.framework in Embed Frameworks */,
			);
			name = "Embed Frameworks";
			runOnlyForDeploymentPostprocessing = 0;
		};
/* End PBXCopyFilesBuildPhase section */

/* Begin PBXFileReference section */
		2F3179E63106B529DE3B4C8D /* Pods_Hack_FSU.framework */ = {isa = PBXFileReference; explicitFileType = wrapper.framework; includeInIndex = 0; path = Pods_Hack_FSU.framework; sourceTree = BUILT_PRODUCTS_DIR; };
		610DD41B1BFE84B30061383D /* HFUpdateTableViewCell.swift */ = {isa = PBXFileReference; fileEncoding = 4; lastKnownFileType = sourcecode.swift; path = HFUpdateTableViewCell.swift; sourceTree = "<group>"; };
		610DD41D1BFEBD900061383D /* HFScheduleTableViewCell.swift */ = {isa = PBXFileReference; fileEncoding = 4; lastKnownFileType = sourcecode.swift; path = HFScheduleTableViewCell.swift; sourceTree = "<group>"; };
		610DD41F1BFEBE5D0061383D /* HFScheduleItem.swift */ = {isa = PBXFileReference; fileEncoding = 4; lastKnownFileType = sourcecode.swift; path = HFScheduleItem.swift; sourceTree = "<group>"; };
		611E91581C45B6CC005F9CC1 /* HFMap.swift */ = {isa = PBXFileReference; fileEncoding = 4; lastKnownFileType = sourcecode.swift; path = HFMap.swift; sourceTree = "<group>"; };
		61350D401BFE6A260087A30D /* HFUpdate.swift */ = {isa = PBXFileReference; fileEncoding = 4; lastKnownFileType = sourcecode.swift; path = HFUpdate.swift; sourceTree = "<group>"; };
		61350D431BFE6CFC0087A30D /* HFParseFeedController.swift */ = {isa = PBXFileReference; fileEncoding = 4; lastKnownFileType = sourcecode.swift; path = HFParseFeedController.swift; sourceTree = "<group>"; };
		613859301C2E5850002F9FA2 /* MapHeaderViewCell.swift */ = {isa = PBXFileReference; fileEncoding = 4; lastKnownFileType = sourcecode.swift; path = MapHeaderViewCell.swift; sourceTree = "<group>"; };
		6138596E1C348297002F9FA2 /* CounterView.swift */ = {isa = PBXFileReference; fileEncoding = 4; lastKnownFileType = sourcecode.swift; path = CounterView.swift; sourceTree = "<group>"; };
		613859721C34863E002F9FA2 /* HFCountdownViewController.swift */ = {isa = PBXFileReference; fileEncoding = 4; lastKnownFileType = sourcecode.swift; path = HFCountdownViewController.swift; sourceTree = "<group>"; };
		613859741C34E20A002F9FA2 /* HFDateExtention.swift */ = {isa = PBXFileReference; fileEncoding = 4; lastKnownFileType = sourcecode.swift; path = HFDateExtention.swift; sourceTree = "<group>"; };
		613970981C3B11F200BFEC2E /* HFSponsorTableViewCell.swift */ = {isa = PBXFileReference; fileEncoding = 4; lastKnownFileType = sourcecode.swift; path = HFSponsorTableViewCell.swift; sourceTree = "<group>"; };
		6139709A1C3B19B400BFEC2E /* HFSponsor.swift */ = {isa = PBXFileReference; fileEncoding = 4; lastKnownFileType = sourcecode.swift; path = HFSponsor.swift; sourceTree = "<group>"; };
		615085CD1BDA16D40066E7BE /* HFMapViewController.swift */ = {isa = PBXFileReference; fileEncoding = 4; lastKnownFileType = sourcecode.swift; path = HFMapViewController.swift; sourceTree = "<group>"; };
		615085CF1BDAA55E0066E7BE /* HFMentorViewController.swift */ = {isa = PBXFileReference; fileEncoding = 4; lastKnownFileType = sourcecode.swift; path = HFMentorViewController.swift; sourceTree = "<group>"; };
		615085F71BDD901B0066E7BE /* HFSponsorViewController.swift */ = {isa = PBXFileReference; fileEncoding = 4; lastKnownFileType = sourcecode.swift; path = HFSponsorViewController.swift; sourceTree = "<group>"; };
		615085FD1BDEE2400066E7BE /* HFColors.swift */ = {isa = PBXFileReference; fileEncoding = 4; lastKnownFileType = sourcecode.swift; path = HFColors.swift; sourceTree = "<group>"; };
		61551A6C1BD9C0C50091D44A /* Hack FSU.app */ = {isa = PBXFileReference; explicitFileType = wrapper.application; includeInIndex = 0; path = "Hack FSU.app"; sourceTree = BUILT_PRODUCTS_DIR; };
		61551A6F1BD9C0C50091D44A /* AppDelegate.swift */ = {isa = PBXFileReference; lastKnownFileType = sourcecode.swift; path = AppDelegate.swift; sourceTree = "<group>"; };
		61551A741BD9C0C50091D44A /* Base */ = {isa = PBXFileReference; lastKnownFileType = file.storyboard; name = Base; path = Base.lproj/Main.storyboard; sourceTree = "<group>"; };
		61551A761BD9C0C50091D44A /* Assets.xcassets */ = {isa = PBXFileReference; lastKnownFileType = folder.assetcatalog; path = Assets.xcassets; sourceTree = "<group>"; };
		61551A791BD9C0C50091D44A /* Base */ = {isa = PBXFileReference; lastKnownFileType = file.storyboard; name = Base; path = Base.lproj/LaunchScreen.storyboard; sourceTree = "<group>"; };
		61551A7B1BD9C0C50091D44A /* Info.plist */ = {isa = PBXFileReference; lastKnownFileType = text.plist.xml; path = Info.plist; sourceTree = "<group>"; };
		61551A801BD9C0C50091D44A /* Hack FSUTests.xctest */ = {isa = PBXFileReference; explicitFileType = wrapper.cfbundle; includeInIndex = 0; path = "Hack FSUTests.xctest"; sourceTree = BUILT_PRODUCTS_DIR; };
		61551A841BD9C0C50091D44A /* Hack_FSUTests.swift */ = {isa = PBXFileReference; lastKnownFileType = sourcecode.swift; path = Hack_FSUTests.swift; sourceTree = "<group>"; };
		61551A861BD9C0C50091D44A /* Info.plist */ = {isa = PBXFileReference; lastKnownFileType = text.plist.xml; path = Info.plist; sourceTree = "<group>"; };
		61551A8B1BD9C0C50091D44A /* Hack FSUUITests.xctest */ = {isa = PBXFileReference; explicitFileType = wrapper.cfbundle; includeInIndex = 0; path = "Hack FSUUITests.xctest"; sourceTree = BUILT_PRODUCTS_DIR; };
		61551A8F1BD9C0C50091D44A /* Hack_FSUUITests.swift */ = {isa = PBXFileReference; lastKnownFileType = sourcecode.swift; path = Hack_FSUUITests.swift; sourceTree = "<group>"; };
		61551A911BD9C0C50091D44A /* Info.plist */ = {isa = PBXFileReference; lastKnownFileType = text.plist.xml; path = Info.plist; sourceTree = "<group>"; };
		61551A9D1BD9E5360091D44A /* HFFeedViewController.swift */ = {isa = PBXFileReference; fileEncoding = 4; lastKnownFileType = sourcecode.swift; path = HFFeedViewController.swift; sourceTree = "<group>"; };
		6164B05F1C1F584B00FC04BA /* ScheduleHeaderCell.swift */ = {isa = PBXFileReference; fileEncoding = 4; lastKnownFileType = sourcecode.swift; path = ScheduleHeaderCell.swift; sourceTree = "<group>"; };
		6166252D1C21324100842E0E /* HFMapTableViewCell.swift */ = {isa = PBXFileReference; fileEncoding = 4; lastKnownFileType = sourcecode.swift; path = HFMapTableViewCell.swift; sourceTree = "<group>"; };
		61692B661C482F01007A6221 /* HFSponsorFooterCell.swift */ = {isa = PBXFileReference; fileEncoding = 4; lastKnownFileType = sourcecode.swift; path = HFSponsorFooterCell.swift; sourceTree = "<group>"; };
		61ACC34C1C44013F00714A5B /* HFCountdownManager.swift */ = {isa = PBXFileReference; fileEncoding = 4; lastKnownFileType = sourcecode.swift; path = HFCountdownManager.swift; sourceTree = "<group>"; };
		61ACC34E1C44027A00714A5B /* HFCountdownItem.swift */ = {isa = PBXFileReference; fileEncoding = 4; lastKnownFileType = sourcecode.swift; path = HFCountdownItem.swift; sourceTree = "<group>"; };
		61CC64C51C472D6200E08521 /* unisans.OTF */ = {isa = PBXFileReference; lastKnownFileType = file; path = unisans.OTF; sourceTree = "<group>"; };
		61D2D14D1BE7C53500145EBF /* HelpRequest.swift */ = {isa = PBXFileReference; fileEncoding = 4; lastKnownFileType = sourcecode.swift; path = HelpRequest.swift; sourceTree = "<group>"; };
		61D2D14F1BE7C83E00145EBF /* Hack FSU-Bridging-Header.h */ = {isa = PBXFileReference; lastKnownFileType = sourcecode.c.h; path = "Hack FSU-Bridging-Header.h"; sourceTree = "<group>"; };
		75938323F00D36E19490B513 /* Pods-Hack FSU.debug.xcconfig */ = {isa = PBXFileReference; includeInIndex = 1; lastKnownFileType = text.xcconfig; name = "Pods-Hack FSU.debug.xcconfig"; path = "Pods/Target Support Files/Pods-Hack FSU/Pods-Hack FSU.debug.xcconfig"; sourceTree = "<group>"; };
		F55EC12BE118A0CA1F4CEFC3 /* Pods-Hack FSU.release.xcconfig */ = {isa = PBXFileReference; includeInIndex = 1; lastKnownFileType = text.xcconfig; name = "Pods-Hack FSU.release.xcconfig"; path = "Pods/Target Support Files/Pods-Hack FSU/Pods-Hack FSU.release.xcconfig"; sourceTree = "<group>"; };
/* End PBXFileReference section */

/* Begin PBXFrameworksBuildPhase section */
		61551A691BD9C0C50091D44A /* Frameworks */ = {
			isa = PBXFrameworksBuildPhase;
			buildActionMask = 2147483647;
			files = (
				6164B0611C1F73C000FC04BA /* Pods_Hack_FSU.framework in Frameworks */,
				CED336EC00D9EC75BF013854 /* Pods_Hack_FSU.framework in Frameworks */,
			);
			runOnlyForDeploymentPostprocessing = 0;
		};
		61551A7D1BD9C0C50091D44A /* Frameworks */ = {
			isa = PBXFrameworksBuildPhase;
			buildActionMask = 2147483647;
			files = (
			);
			runOnlyForDeploymentPostprocessing = 0;
		};
		61551A881BD9C0C50091D44A /* Frameworks */ = {
			isa = PBXFrameworksBuildPhase;
			buildActionMask = 2147483647;
			files = (
			);
			runOnlyForDeploymentPostprocessing = 0;
		};
/* End PBXFrameworksBuildPhase section */

/* Begin PBXGroup section */
		610DD41A1BFE848A0061383D /* Cells */ = {
			isa = PBXGroup;
			children = (
				610DD41B1BFE84B30061383D /* HFUpdateTableViewCell.swift */,
				610DD41D1BFEBD900061383D /* HFScheduleTableViewCell.swift */,
				6164B05F1C1F584B00FC04BA /* ScheduleHeaderCell.swift */,
				613859301C2E5850002F9FA2 /* MapHeaderViewCell.swift */,
				6166252D1C21324100842E0E /* HFMapTableViewCell.swift */,
				613970981C3B11F200BFEC2E /* HFSponsorTableViewCell.swift */,
				61692B661C482F01007A6221 /* HFSponsorFooterCell.swift */,
			);
			name = Cells;
			sourceTree = "<group>";
		};
		61350D421BFE6CD70087A30D /* Controllers */ = {
			isa = PBXGroup;
			children = (
				61350D431BFE6CFC0087A30D /* HFParseFeedController.swift */,
			);
			name = Controllers;
			sourceTree = "<group>";
		};
		61499DB71E3E5D02AC0122A0 /* Pods */ = {
			isa = PBXGroup;
			children = (
				75938323F00D36E19490B513 /* Pods-Hack FSU.debug.xcconfig */,
				F55EC12BE118A0CA1F4CEFC3 /* Pods-Hack FSU.release.xcconfig */,
			);
			name = Pods;
			sourceTree = "<group>";
		};
		61551A631BD9C0C50091D44A = {
			isa = PBXGroup;
			children = (
				61551A6E1BD9C0C50091D44A /* Hack FSU */,
				61551A831BD9C0C50091D44A /* Hack FSUTests */,
				61551A8E1BD9C0C50091D44A /* Hack FSUUITests */,
				61551A6D1BD9C0C50091D44A /* Products */,
				61499DB71E3E5D02AC0122A0 /* Pods */,
				ED45C38FB39F58E0F2DB6D87 /* Frameworks */,
				61D2D14F1BE7C83E00145EBF /* Hack FSU-Bridging-Header.h */,
			);
			sourceTree = "<group>";
		};
		61551A6D1BD9C0C50091D44A /* Products */ = {
			isa = PBXGroup;
			children = (
				61551A6C1BD9C0C50091D44A /* Hack FSU.app */,
				61551A801BD9C0C50091D44A /* Hack FSUTests.xctest */,
				61551A8B1BD9C0C50091D44A /* Hack FSUUITests.xctest */,
			);
			name = Products;
			sourceTree = "<group>";
		};
		61551A6E1BD9C0C50091D44A /* Hack FSU */ = {
			isa = PBXGroup;
			children = (
				61551A731BD9C0C50091D44A /* Main.storyboard */,
				61551A6F1BD9C0C50091D44A /* AppDelegate.swift */,
				61EE2DBB1BE3E49E00E80DDF /* Style */,
				61350D421BFE6CD70087A30D /* Controllers */,
				61551A9F1BD9E6F80091D44A /* Views */,
				610DD41A1BFE848A0061383D /* Cells */,
				61D2D14C1BE7C50400145EBF /* Classes */,
				61551A761BD9C0C50091D44A /* Assets.xcassets */,
				61551A781BD9C0C50091D44A /* LaunchScreen.storyboard */,
				61CC64C51C472D6200E08521 /* unisans.OTF */,
				61551A7B1BD9C0C50091D44A /* Info.plist */,
			);
			path = "Hack FSU";
			sourceTree = "<group>";
		};
		61551A831BD9C0C50091D44A /* Hack FSUTests */ = {
			isa = PBXGroup;
			children = (
				61551A841BD9C0C50091D44A /* Hack_FSUTests.swift */,
				61551A861BD9C0C50091D44A /* Info.plist */,
			);
			path = "Hack FSUTests";
			sourceTree = "<group>";
		};
		61551A8E1BD9C0C50091D44A /* Hack FSUUITests */ = {
			isa = PBXGroup;
			children = (
				61551A8F1BD9C0C50091D44A /* Hack_FSUUITests.swift */,
				61551A911BD9C0C50091D44A /* Info.plist */,
			);
			path = "Hack FSUUITests";
			sourceTree = "<group>";
		};
		61551A9F1BD9E6F80091D44A /* Views */ = {
			isa = PBXGroup;
			children = (
				61551A9D1BD9E5360091D44A /* HFFeedViewController.swift */,
				615085CF1BDAA55E0066E7BE /* HFMentorViewController.swift */,
				615085CD1BDA16D40066E7BE /* HFMapViewController.swift */,
				615085F71BDD901B0066E7BE /* HFSponsorViewController.swift */,
				6138596E1C348297002F9FA2 /* CounterView.swift */,
				613859721C34863E002F9FA2 /* HFCountdownViewController.swift */,
			);
			name = Views;
			sourceTree = "<group>";
		};
		61D2D14C1BE7C50400145EBF /* Classes */ = {
			isa = PBXGroup;
			children = (
				61D2D14D1BE7C53500145EBF /* HelpRequest.swift */,
				611E91581C45B6CC005F9CC1 /* HFMap.swift */,
				61350D401BFE6A260087A30D /* HFUpdate.swift */,
				610DD41F1BFEBE5D0061383D /* HFScheduleItem.swift */,
				6139709A1C3B19B400BFEC2E /* HFSponsor.swift */,
				61ACC34C1C44013F00714A5B /* HFCountdownManager.swift */,
				61ACC34E1C44027A00714A5B /* HFCountdownItem.swift */,
			);
			name = Classes;
			sourceTree = "<group>";
		};
		61EE2DBB1BE3E49E00E80DDF /* Style */ = {
			isa = PBXGroup;
			children = (
				615085FD1BDEE2400066E7BE /* HFColors.swift */,
				613859741C34E20A002F9FA2 /* HFDateExtention.swift */,
			);
			name = Style;
			sourceTree = "<group>";
		};
		ED45C38FB39F58E0F2DB6D87 /* Frameworks */ = {
			isa = PBXGroup;
			children = (
				2F3179E63106B529DE3B4C8D /* Pods_Hack_FSU.framework */,
			);
			name = Frameworks;
			sourceTree = "<group>";
		};
/* End PBXGroup section */

/* Begin PBXNativeTarget section */
		61551A6B1BD9C0C50091D44A /* Hack FSU */ = {
			isa = PBXNativeTarget;
			buildConfigurationList = 61551A941BD9C0C50091D44A /* Build configuration list for PBXNativeTarget "Hack FSU" */;
			buildPhases = (
				37EE1F4854BB9F03D49F544F /* Check Pods Manifest.lock */,
				61551A681BD9C0C50091D44A /* Sources */,
				61551A691BD9C0C50091D44A /* Frameworks */,
				61551A6A1BD9C0C50091D44A /* Resources */,
				A076E4D925DE974C3E03BDAC /* Embed Pods Frameworks */,
				F3F73658FC105826EEAA3ABC /* Copy Pods Resources */,
				6164B0631C1F73C000FC04BA /* Embed Frameworks */,
			);
			buildRules = (
			);
			dependencies = (
			);
			name = "Hack FSU";
			productName = "Hack FSU";
			productReference = 61551A6C1BD9C0C50091D44A /* Hack FSU.app */;
			productType = "com.apple.product-type.application";
		};
		61551A7F1BD9C0C50091D44A /* Hack FSUTests */ = {
			isa = PBXNativeTarget;
			buildConfigurationList = 61551A971BD9C0C50091D44A /* Build configuration list for PBXNativeTarget "Hack FSUTests" */;
			buildPhases = (
				61551A7C1BD9C0C50091D44A /* Sources */,
				61551A7D1BD9C0C50091D44A /* Frameworks */,
				61551A7E1BD9C0C50091D44A /* Resources */,
			);
			buildRules = (
			);
			dependencies = (
				61551A821BD9C0C50091D44A /* PBXTargetDependency */,
			);
			name = "Hack FSUTests";
			productName = "Hack FSUTests";
			productReference = 61551A801BD9C0C50091D44A /* Hack FSUTests.xctest */;
			productType = "com.apple.product-type.bundle.unit-test";
		};
		61551A8A1BD9C0C50091D44A /* Hack FSUUITests */ = {
			isa = PBXNativeTarget;
			buildConfigurationList = 61551A9A1BD9C0C50091D44A /* Build configuration list for PBXNativeTarget "Hack FSUUITests" */;
			buildPhases = (
				61551A871BD9C0C50091D44A /* Sources */,
				61551A881BD9C0C50091D44A /* Frameworks */,
				61551A891BD9C0C50091D44A /* Resources */,
			);
			buildRules = (
			);
			dependencies = (
				61551A8D1BD9C0C50091D44A /* PBXTargetDependency */,
			);
			name = "Hack FSUUITests";
			productName = "Hack FSUUITests";
			productReference = 61551A8B1BD9C0C50091D44A /* Hack FSUUITests.xctest */;
			productType = "com.apple.product-type.bundle.ui-testing";
		};
/* End PBXNativeTarget section */

/* Begin PBXProject section */
		61551A641BD9C0C50091D44A /* Project object */ = {
			isa = PBXProject;
			attributes = {
				LastSwiftUpdateCheck = 0700;
				LastUpgradeCheck = 0700;
				ORGANIZATIONNAME = "Todd Littlejohn";
				TargetAttributes = {
					61551A6B1BD9C0C50091D44A = {
						CreatedOnToolsVersion = 7.0;
						DevelopmentTeam = KW8RLKUW3C;
						SystemCapabilities = {
							com.apple.Push = {
								enabled = 1;
							};
						};
					};
					61551A7F1BD9C0C50091D44A = {
						CreatedOnToolsVersion = 7.0;
						TestTargetID = 61551A6B1BD9C0C50091D44A;
					};
					61551A8A1BD9C0C50091D44A = {
						CreatedOnToolsVersion = 7.0;
						TestTargetID = 61551A6B1BD9C0C50091D44A;
					};
				};
			};
			buildConfigurationList = 61551A671BD9C0C50091D44A /* Build configuration list for PBXProject "Hack FSU" */;
			compatibilityVersion = "Xcode 3.2";
			developmentRegion = English;
			hasScannedForEncodings = 0;
			knownRegions = (
				en,
				Base,
			);
			mainGroup = 61551A631BD9C0C50091D44A;
			productRefGroup = 61551A6D1BD9C0C50091D44A /* Products */;
			projectDirPath = "";
			projectRoot = "";
			targets = (
				61551A6B1BD9C0C50091D44A /* Hack FSU */,
				61551A7F1BD9C0C50091D44A /* Hack FSUTests */,
				61551A8A1BD9C0C50091D44A /* Hack FSUUITests */,
			);
		};
/* End PBXProject section */

/* Begin PBXResourcesBuildPhase section */
		61551A6A1BD9C0C50091D44A /* Resources */ = {
			isa = PBXResourcesBuildPhase;
			buildActionMask = 2147483647;
			files = (
				61551A7A1BD9C0C50091D44A /* LaunchScreen.storyboard in Resources */,
				61551A771BD9C0C50091D44A /* Assets.xcassets in Resources */,
				61551A751BD9C0C50091D44A /* Main.storyboard in Resources */,
				61CC64C61C472D6200E08521 /* unisans.OTF in Resources */,
			);
			runOnlyForDeploymentPostprocessing = 0;
		};
		61551A7E1BD9C0C50091D44A /* Resources */ = {
			isa = PBXResourcesBuildPhase;
			buildActionMask = 2147483647;
			files = (
			);
			runOnlyForDeploymentPostprocessing = 0;
		};
		61551A891BD9C0C50091D44A /* Resources */ = {
			isa = PBXResourcesBuildPhase;
			buildActionMask = 2147483647;
			files = (
			);
			runOnlyForDeploymentPostprocessing = 0;
		};
/* End PBXResourcesBuildPhase section */

/* Begin PBXShellScriptBuildPhase section */
		37EE1F4854BB9F03D49F544F /* Check Pods Manifest.lock */ = {
			isa = PBXShellScriptBuildPhase;
			buildActionMask = 2147483647;
			files = (
			);
			inputPaths = (
			);
			name = "Check Pods Manifest.lock";
			outputPaths = (
			);
			runOnlyForDeploymentPostprocessing = 0;
			shellPath = /bin/sh;
			shellScript = "diff \"${PODS_ROOT}/../Podfile.lock\" \"${PODS_ROOT}/Manifest.lock\" > /dev/null\nif [[ $? != 0 ]] ; then\n    cat << EOM\nerror: The sandbox is not in sync with the Podfile.lock. Run 'pod install' or update your CocoaPods installation.\nEOM\n    exit 1\nfi\n";
			showEnvVarsInLog = 0;
		};
		A076E4D925DE974C3E03BDAC /* Embed Pods Frameworks */ = {
			isa = PBXShellScriptBuildPhase;
			buildActionMask = 2147483647;
			files = (
			);
			inputPaths = (
			);
			name = "Embed Pods Frameworks";
			outputPaths = (
			);
			runOnlyForDeploymentPostprocessing = 0;
			shellPath = /bin/sh;
			shellScript = "\"${SRCROOT}/Pods/Target Support Files/Pods-Hack FSU/Pods-Hack FSU-frameworks.sh\"\n";
			showEnvVarsInLog = 0;
		};
		F3F73658FC105826EEAA3ABC /* Copy Pods Resources */ = {
			isa = PBXShellScriptBuildPhase;
			buildActionMask = 2147483647;
			files = (
			);
			inputPaths = (
			);
			name = "Copy Pods Resources";
			outputPaths = (
			);
			runOnlyForDeploymentPostprocessing = 0;
			shellPath = /bin/sh;
			shellScript = "\"${SRCROOT}/Pods/Target Support Files/Pods-Hack FSU/Pods-Hack FSU-resources.sh\"\n";
			showEnvVarsInLog = 0;
		};
/* End PBXShellScriptBuildPhase section */

/* Begin PBXSourcesBuildPhase section */
		61551A681BD9C0C50091D44A /* Sources */ = {
			isa = PBXSourcesBuildPhase;
			buildActionMask = 2147483647;
			files = (
				61ACC34F1C44027A00714A5B /* HFCountdownItem.swift in Sources */,
				61350D441BFE6CFC0087A30D /* HFParseFeedController.swift in Sources */,
				61551A9E1BD9E5360091D44A /* HFFeedViewController.swift in Sources */,
				610DD41C1BFE84B30061383D /* HFUpdateTableViewCell.swift in Sources */,
				61551A701BD9C0C50091D44A /* AppDelegate.swift in Sources */,
				61350D411BFE6A260087A30D /* HFUpdate.swift in Sources */,
				613859731C34863E002F9FA2 /* HFCountdownViewController.swift in Sources */,
				61ACC34D1C44013F00714A5B /* HFCountdownManager.swift in Sources */,
				613859311C2E5850002F9FA2 /* MapHeaderViewCell.swift in Sources */,
				613970991C3B11F200BFEC2E /* HFSponsorTableViewCell.swift in Sources */,
				6166252E1C21324100842E0E /* HFMapTableViewCell.swift in Sources */,
				613859751C34E20A002F9FA2 /* HFDateExtention.swift in Sources */,
				6138596F1C348297002F9FA2 /* CounterView.swift in Sources */,
				615085CE1BDA16D40066E7BE /* HFMapViewController.swift in Sources */,
				610DD41E1BFEBD900061383D /* HFScheduleTableViewCell.swift in Sources */,
				615085D01BDAA55E0066E7BE /* HFMentorViewController.swift in Sources */,
				611E91591C45B6CC005F9CC1 /* HFMap.swift in Sources */,
				6164B0601C1F584B00FC04BA /* ScheduleHeaderCell.swift in Sources */,
				615085FE1BDEE2400066E7BE /* HFColors.swift in Sources */,
				6139709B1C3B19B400BFEC2E /* HFSponsor.swift in Sources */,
				610DD4201BFEBE5D0061383D /* HFScheduleItem.swift in Sources */,
				61692B671C482F01007A6221 /* HFSponsorFooterCell.swift in Sources */,
				61D2D14E1BE7C53500145EBF /* HelpRequest.swift in Sources */,
				615085F81BDD901B0066E7BE /* HFSponsorViewController.swift in Sources */,
			);
			runOnlyForDeploymentPostprocessing = 0;
		};
		61551A7C1BD9C0C50091D44A /* Sources */ = {
			isa = PBXSourcesBuildPhase;
			buildActionMask = 2147483647;
			files = (
				61551A851BD9C0C50091D44A /* Hack_FSUTests.swift in Sources */,
			);
			runOnlyForDeploymentPostprocessing = 0;
		};
		61551A871BD9C0C50091D44A /* Sources */ = {
			isa = PBXSourcesBuildPhase;
			buildActionMask = 2147483647;
			files = (
				61551A901BD9C0C50091D44A /* Hack_FSUUITests.swift in Sources */,
			);
			runOnlyForDeploymentPostprocessing = 0;
		};
/* End PBXSourcesBuildPhase section */

/* Begin PBXTargetDependency section */
		61551A821BD9C0C50091D44A /* PBXTargetDependency */ = {
			isa = PBXTargetDependency;
			target = 61551A6B1BD9C0C50091D44A /* Hack FSU */;
			targetProxy = 61551A811BD9C0C50091D44A /* PBXContainerItemProxy */;
		};
		61551A8D1BD9C0C50091D44A /* PBXTargetDependency */ = {
			isa = PBXTargetDependency;
			target = 61551A6B1BD9C0C50091D44A /* Hack FSU */;
			targetProxy = 61551A8C1BD9C0C50091D44A /* PBXContainerItemProxy */;
		};
/* End PBXTargetDependency section */

/* Begin PBXVariantGroup section */
		61551A731BD9C0C50091D44A /* Main.storyboard */ = {
			isa = PBXVariantGroup;
			children = (
				61551A741BD9C0C50091D44A /* Base */,
			);
			name = Main.storyboard;
			sourceTree = "<group>";
		};
		61551A781BD9C0C50091D44A /* LaunchScreen.storyboard */ = {
			isa = PBXVariantGroup;
			children = (
				61551A791BD9C0C50091D44A /* Base */,
			);
			name = LaunchScreen.storyboard;
			sourceTree = "<group>";
		};
/* End PBXVariantGroup section */

/* Begin XCBuildConfiguration section */
		61551A921BD9C0C50091D44A /* Debug */ = {
			isa = XCBuildConfiguration;
			buildSettings = {
				ALWAYS_SEARCH_USER_PATHS = NO;
				CLANG_CXX_LANGUAGE_STANDARD = "gnu++0x";
				CLANG_CXX_LIBRARY = "libc++";
				CLANG_ENABLE_MODULES = YES;
				CLANG_ENABLE_OBJC_ARC = YES;
				CLANG_WARN_BOOL_CONVERSION = YES;
				CLANG_WARN_CONSTANT_CONVERSION = YES;
				CLANG_WARN_DIRECT_OBJC_ISA_USAGE = YES_ERROR;
				CLANG_WARN_EMPTY_BODY = YES;
				CLANG_WARN_ENUM_CONVERSION = YES;
				CLANG_WARN_INT_CONVERSION = YES;
				CLANG_WARN_OBJC_ROOT_CLASS = YES_ERROR;
				CLANG_WARN_UNREACHABLE_CODE = YES;
				CLANG_WARN__DUPLICATE_METHOD_MATCH = YES;
				"CODE_SIGN_IDENTITY[sdk=iphoneos*]" = "iPhone Developer";
				COPY_PHASE_STRIP = NO;
				DEBUG_INFORMATION_FORMAT = dwarf;
				ENABLE_STRICT_OBJC_MSGSEND = YES;
				ENABLE_TESTABILITY = YES;
				GCC_C_LANGUAGE_STANDARD = gnu99;
				GCC_DYNAMIC_NO_PIC = NO;
				GCC_NO_COMMON_BLOCKS = YES;
				GCC_OPTIMIZATION_LEVEL = 0;
				GCC_PREPROCESSOR_DEFINITIONS = (
					"DEBUG=1",
					"$(inherited)",
				);
				GCC_WARN_64_TO_32_BIT_CONVERSION = YES;
				GCC_WARN_ABOUT_RETURN_TYPE = YES_ERROR;
				GCC_WARN_UNDECLARED_SELECTOR = YES;
				GCC_WARN_UNINITIALIZED_AUTOS = YES_AGGRESSIVE;
				GCC_WARN_UNUSED_FUNCTION = YES;
				GCC_WARN_UNUSED_VARIABLE = YES;
				IPHONEOS_DEPLOYMENT_TARGET = 9.0;
				MTL_ENABLE_DEBUG_INFO = YES;
				ONLY_ACTIVE_ARCH = YES;
				SDKROOT = iphoneos;
				SWIFT_OPTIMIZATION_LEVEL = "-Onone";
				TARGETED_DEVICE_FAMILY = "1,2";
			};
			name = Debug;
		};
		61551A931BD9C0C50091D44A /* Release */ = {
			isa = XCBuildConfiguration;
			buildSettings = {
				ALWAYS_SEARCH_USER_PATHS = NO;
				CLANG_CXX_LANGUAGE_STANDARD = "gnu++0x";
				CLANG_CXX_LIBRARY = "libc++";
				CLANG_ENABLE_MODULES = YES;
				CLANG_ENABLE_OBJC_ARC = YES;
				CLANG_WARN_BOOL_CONVERSION = YES;
				CLANG_WARN_CONSTANT_CONVERSION = YES;
				CLANG_WARN_DIRECT_OBJC_ISA_USAGE = YES_ERROR;
				CLANG_WARN_EMPTY_BODY = YES;
				CLANG_WARN_ENUM_CONVERSION = YES;
				CLANG_WARN_INT_CONVERSION = YES;
				CLANG_WARN_OBJC_ROOT_CLASS = YES_ERROR;
				CLANG_WARN_UNREACHABLE_CODE = YES;
				CLANG_WARN__DUPLICATE_METHOD_MATCH = YES;
				"CODE_SIGN_IDENTITY[sdk=iphoneos*]" = "iPhone Developer";
				COPY_PHASE_STRIP = NO;
				DEBUG_INFORMATION_FORMAT = "dwarf-with-dsym";
				ENABLE_NS_ASSERTIONS = NO;
				ENABLE_STRICT_OBJC_MSGSEND = YES;
				GCC_C_LANGUAGE_STANDARD = gnu99;
				GCC_NO_COMMON_BLOCKS = YES;
				GCC_WARN_64_TO_32_BIT_CONVERSION = YES;
				GCC_WARN_ABOUT_RETURN_TYPE = YES_ERROR;
				GCC_WARN_UNDECLARED_SELECTOR = YES;
				GCC_WARN_UNINITIALIZED_AUTOS = YES_AGGRESSIVE;
				GCC_WARN_UNUSED_FUNCTION = YES;
				GCC_WARN_UNUSED_VARIABLE = YES;
				IPHONEOS_DEPLOYMENT_TARGET = 9.0;
				MTL_ENABLE_DEBUG_INFO = NO;
				SDKROOT = iphoneos;
				TARGETED_DEVICE_FAMILY = "1,2";
				VALIDATE_PRODUCT = YES;
			};
			name = Release;
		};
		61551A951BD9C0C50091D44A /* Debug */ = {
			isa = XCBuildConfiguration;
			baseConfigurationReference = 75938323F00D36E19490B513 /* Pods-Hack FSU.debug.xcconfig */;
			buildSettings = {
				ASSETCATALOG_COMPILER_APPICON_NAME = AppIcon;
				CLANG_ENABLE_MODULES = YES;
				CODE_SIGN_IDENTITY = "iPhone Developer";
				INFOPLIST_FILE = "Hack FSU/Info.plist";
				IPHONEOS_DEPLOYMENT_TARGET = 9.0;
				LD_RUNPATH_SEARCH_PATHS = "$(inherited) @executable_path/Frameworks";
				PRODUCT_BUNDLE_IDENTIFIER = "com.HackFSU.Hack-FSU";
				PRODUCT_NAME = "$(TARGET_NAME)";
				SWIFT_OBJC_BRIDGING_HEADER = "Hack FSU-Bridging-Header.h";
				SWIFT_OPTIMIZATION_LEVEL = "-Onone";
			};
			name = Debug;
		};
		61551A961BD9C0C50091D44A /* Release */ = {
			isa = XCBuildConfiguration;
			baseConfigurationReference = F55EC12BE118A0CA1F4CEFC3 /* Pods-Hack FSU.release.xcconfig */;
			buildSettings = {
				ASSETCATALOG_COMPILER_APPICON_NAME = AppIcon;
				CLANG_ENABLE_MODULES = YES;
				CODE_SIGN_IDENTITY = "iPhone Developer";
				INFOPLIST_FILE = "Hack FSU/Info.plist";
				IPHONEOS_DEPLOYMENT_TARGET = 9.0;
				LD_RUNPATH_SEARCH_PATHS = "$(inherited) @executable_path/Frameworks";
				PRODUCT_BUNDLE_IDENTIFIER = "com.HackFSU.Hack-FSU";
				PRODUCT_NAME = "$(TARGET_NAME)";
				SWIFT_OBJC_BRIDGING_HEADER = "Hack FSU-Bridging-Header.h";
			};
			name = Release;
		};
		61551A981BD9C0C50091D44A /* Debug */ = {
			isa = XCBuildConfiguration;
			buildSettings = {
				BUNDLE_LOADER = "$(TEST_HOST)";
				INFOPLIST_FILE = "Hack FSUTests/Info.plist";
				LD_RUNPATH_SEARCH_PATHS = "$(inherited) @executable_path/Frameworks @loader_path/Frameworks";
				PRODUCT_BUNDLE_IDENTIFIER = "HackFSU.Hack-FSUTests";
				PRODUCT_NAME = "$(TARGET_NAME)";
				TEST_HOST = "$(BUILT_PRODUCTS_DIR)/Hack FSU.app/Hack FSU";
			};
			name = Debug;
		};
		61551A991BD9C0C50091D44A /* Release */ = {
			isa = XCBuildConfiguration;
			buildSettings = {
				BUNDLE_LOADER = "$(TEST_HOST)";
				INFOPLIST_FILE = "Hack FSUTests/Info.plist";
				LD_RUNPATH_SEARCH_PATHS = "$(inherited) @executable_path/Frameworks @loader_path/Frameworks";
				PRODUCT_BUNDLE_IDENTIFIER = "HackFSU.Hack-FSUTests";
				PRODUCT_NAME = "$(TARGET_NAME)";
				TEST_HOST = "$(BUILT_PRODUCTS_DIR)/Hack FSU.app/Hack FSU";
			};
			name = Release;
		};
		61551A9B1BD9C0C50091D44A /* Debug */ = {
			isa = XCBuildConfiguration;
			buildSettings = {
				INFOPLIST_FILE = "Hack FSUUITests/Info.plist";
				LD_RUNPATH_SEARCH_PATHS = "$(inherited) @executable_path/Frameworks @loader_path/Frameworks";
				PRODUCT_BUNDLE_IDENTIFIER = "HackFSU.Hack-FSUUITests";
				PRODUCT_NAME = "$(TARGET_NAME)";
				TEST_TARGET_NAME = "Hack FSU";
				USES_XCTRUNNER = YES;
			};
			name = Debug;
		};
		61551A9C1BD9C0C50091D44A /* Release */ = {
			isa = XCBuildConfiguration;
			buildSettings = {
				INFOPLIST_FILE = "Hack FSUUITests/Info.plist";
				LD_RUNPATH_SEARCH_PATHS = "$(inherited) @executable_path/Frameworks @loader_path/Frameworks";
				PRODUCT_BUNDLE_IDENTIFIER = "HackFSU.Hack-FSUUITests";
				PRODUCT_NAME = "$(TARGET_NAME)";
				TEST_TARGET_NAME = "Hack FSU";
				USES_XCTRUNNER = YES;
			};
			name = Release;
		};
/* End XCBuildConfiguration section */

/* Begin XCConfigurationList section */
		61551A671BD9C0C50091D44A /* Build configuration list for PBXProject "Hack FSU" */ = {
			isa = XCConfigurationList;
			buildConfigurations = (
				61551A921BD9C0C50091D44A /* Debug */,
				61551A931BD9C0C50091D44A /* Release */,
			);
			defaultConfigurationIsVisible = 0;
			defaultConfigurationName = Release;
		};
		61551A941BD9C0C50091D44A /* Build configuration list for PBXNativeTarget "Hack FSU" */ = {
			isa = XCConfigurationList;
			buildConfigurations = (
				61551A951BD9C0C50091D44A /* Debug */,
				61551A961BD9C0C50091D44A /* Release */,
			);
			defaultConfigurationIsVisible = 0;
			defaultConfigurationName = Release;
		};
		61551A971BD9C0C50091D44A /* Build configuration list for PBXNativeTarget "Hack FSUTests" */ = {
			isa = XCConfigurationList;
			buildConfigurations = (
				61551A981BD9C0C50091D44A /* Debug */,
				61551A991BD9C0C50091D44A /* Release */,
			);
			defaultConfigurationIsVisible = 0;
			defaultConfigurationName = Release;
		};
		61551A9A1BD9C0C50091D44A /* Build configuration list for PBXNativeTarget "Hack FSUUITests" */ = {
			isa = XCConfigurationList;
			buildConfigurations = (
				61551A9B1BD9C0C50091D44A /* Debug */,
				61551A9C1BD9C0C50091D44A /* Release */,
			);
			defaultConfigurationIsVisible = 0;
			defaultConfigurationName = Release;
		};
/* End XCConfigurationList section */
	};
	rootObject = 61551A641BD9C0C50091D44A /* Project object */;
}
